
Microsoft Visual Studio Solution File, Format Version 12.00
# Visual Studio Version 16
VisualStudioVersion = 16.0.31613.86
MinimumVisualStudioVersion = 10.0.40219.1
Project("{FAE04EC0-301F-11D3-BF4B-00C04F79EFBC}") = "Payroll_Management_System", "Payroll_Management_System\Payroll_Management_System.csproj", "{C233AE39-55C6-4931-B770-58E820B7AD07}"
EndProject
Global
	GlobalSection(SolutionConfigurationPlatforms) = preSolution
		Debug|Any CPU = Debug|Any CPU
		Release|Any CPU = Release|Any CPU
	EndGlobalSection
	GlobalSection(ProjectConfigurationPlatforms) = postSolution
		{C233AE39-55C6-4931-B770-58E820B7AD07}.Debug|Any CPU.ActiveCfg = Debug|Any CPU
		{C233AE39-55C6-4931-B770-58E820B7AD07}.Debug|Any CPU.Build.0 = Debug|Any CPU
		{C233AE39-55C6-4931-B770-58E820B7AD07}.Release|Any CPU.ActiveCfg = Release|Any CPU
		{C233AE39-55C6-4931-B770-58E820B7AD07}.Release|Any CPU.Build.0 = Release|Any CPU
	EndGlobalSection
	GlobalSection(SolutionProperties) = preSolution
		HideSolutionNode = FALSE
	EndGlobalSection
	GlobalSection(ExtensibilityGlobals) = postSolution
		SolutionGuid = {404BC6D1-183D-4997-B392-D2941AC2BE12}
	EndGlobalSection
EndGlobal
